
Microsoft Visual Studio Solution File, Format Version 12.00
# Visual Studio 14
VisualStudioVersion = 14.0.25420.1
MinimumVisualStudioVersion = 10.0.40219.1
Project("{FAE04EC0-301F-11D3-BF4B-00C04F79EFBC}") = "DevdayDemo", "DevdayDemo\DevdayDemo.csproj", "{7A488CA9-3279-4727-9980-A36E344CCA13}"
EndProject
Project("{FAE04EC0-301F-11D3-BF4B-00C04F79EFBC}") = "ServiceLite.Core", "ServiceLite.Core\ServiceLite.Core.csproj", "{6EAC398A-1D86-4C9C-BC18-9427CAFC0149}"
EndProject
Project("{FAE04EC0-301F-11D3-BF4B-00C04F79EFBC}") = "ServiceLite.Swagger", "ServiceLite.Swagger\ServiceLite.Swagger.csproj", "{A2C7C6B6-6E4C-444E-BF59-0A5E698658C6}"
EndProject
Project("{FAE04EC0-301F-11D3-BF4B-00C04F79EFBC}") = "ServiceLite.WebApi", "ServiceLite.WebApi\ServiceLite.WebApi.csproj", "{E7A759E6-751E-49DB-81F6-D15EE6E06AAC}"
EndProject
Project("{FAE04EC0-301F-11D3-BF4B-00C04F79EFBC}") = "ServiceLite.Mvc", "ServiceLite.Mvc\ServiceLite.Mvc.csproj", "{40EB8633-A265-44B7-80AA-5815A6ABEA00}"
EndProject
Project("{FAE04EC0-301F-11D3-BF4B-00C04F79EFBC}") = "ServiceLite.Autofac.Core", "ServiceLite.Autofac.Core\ServiceLite.Autofac.Core.csproj", "{20C54719-17F6-4479-85BB-817BB6198585}"
EndProject
Project("{FAE04EC0-301F-11D3-BF4B-00C04F79EFBC}") = "ServiceLite.Autofac.Mvc5", "ServiceLite.Autofac.Mvc5\ServiceLite.Autofac.Mvc5.csproj", "{232AF52D-1533-4FF5-8A02-6AF8F17377E2}"
EndProject
Global
	GlobalSection(SolutionConfigurationPlatforms) = preSolution
		Debug|Any CPU = Debug|Any CPU
		Release|Any CPU = Release|Any CPU
	EndGlobalSection
	GlobalSection(ProjectConfigurationPlatforms) = postSolution
		{7A488CA9-3279-4727-9980-A36E344CCA13}.Debug|Any CPU.ActiveCfg = Debug|Any CPU
		{7A488CA9-3279-4727-9980-A36E344CCA13}.Debug|Any CPU.Build.0 = Debug|Any CPU
		{7A488CA9-3279-4727-9980-A36E344CCA13}.Release|Any CPU.ActiveCfg = Release|Any CPU
		{7A488CA9-3279-4727-9980-A36E344CCA13}.Release|Any CPU.Build.0 = Release|Any CPU
		{6EAC398A-1D86-4C9C-BC18-9427CAFC0149}.Debug|Any CPU.ActiveCfg = Debug|Any CPU
		{6EAC398A-1D86-4C9C-BC18-9427CAFC0149}.Debug|Any CPU.Build.0 = Debug|Any CPU
		{6EAC398A-1D86-4C9C-BC18-9427CAFC0149}.Release|Any CPU.ActiveCfg = Release|Any CPU
		{6EAC398A-1D86-4C9C-BC18-9427CAFC0149}.Release|Any CPU.Build.0 = Release|Any CPU
		{A2C7C6B6-6E4C-444E-BF59-0A5E698658C6}.Debug|Any CPU.ActiveCfg = Debug|Any CPU
		{A2C7C6B6-6E4C-444E-BF59-0A5E698658C6}.Debug|Any CPU.Build.0 = Debug|Any CPU
		{A2C7C6B6-6E4C-444E-BF59-0A5E698658C6}.Release|Any CPU.ActiveCfg = Release|Any CPU
		{A2C7C6B6-6E4C-444E-BF59-0A5E698658C6}.Release|Any CPU.Build.0 = Release|Any CPU
		{E7A759E6-751E-49DB-81F6-D15EE6E06AAC}.Debug|Any CPU.ActiveCfg = Debug|Any CPU
		{E7A759E6-751E-49DB-81F6-D15EE6E06AAC}.Debug|Any CPU.Build.0 = Debug|Any CPU
		{E7A759E6-751E-49DB-81F6-D15EE6E06AAC}.Release|Any CPU.ActiveCfg = Release|Any CPU
		{E7A759E6-751E-49DB-81F6-D15EE6E06AAC}.Release|Any CPU.Build.0 = Release|Any CPU
		{40EB8633-A265-44B7-80AA-5815A6ABEA00}.Debug|Any CPU.ActiveCfg = Debug|Any CPU
		{40EB8633-A265-44B7-80AA-5815A6ABEA00}.Debug|Any CPU.Build.0 = Debug|Any CPU
		{40EB8633-A265-44B7-80AA-5815A6ABEA00}.Release|Any CPU.ActiveCfg = Release|Any CPU
		{40EB8633-A265-44B7-80AA-5815A6ABEA00}.Release|Any CPU.Build.0 = Release|Any CPU
		{20C54719-17F6-4479-85BB-817BB6198585}.Debug|Any CPU.ActiveCfg = Debug|Any CPU
		{20C54719-17F6-4479-85BB-817BB6198585}.Debug|Any CPU.Build.0 = Debug|Any CPU
		{20C54719-17F6-4479-85BB-817BB6198585}.Release|Any CPU.ActiveCfg = Release|Any CPU
		{20C54719-17F6-4479-85BB-817BB6198585}.Release|Any CPU.Build.0 = Release|Any CPU
		{232AF52D-1533-4FF5-8A02-6AF8F17377E2}.Debug|Any CPU.ActiveCfg = Debug|Any CPU
		{232AF52D-1533-4FF5-8A02-6AF8F17377E2}.Debug|Any CPU.Build.0 = Debug|Any CPU
		{232AF52D-1533-4FF5-8A02-6AF8F17377E2}.Release|Any CPU.ActiveCfg = Release|Any CPU
		{232AF52D-1533-4FF5-8A02-6AF8F17377E2}.Release|Any CPU.Build.0 = Release|Any CPU
	EndGlobalSection
	GlobalSection(SolutionProperties) = preSolution
		HideSolutionNode = FALSE
	EndGlobalSection
EndGlobal
